
Microsoft Visual Studio Solution File, Format Version 12.00
# Visual Studio Version 17
VisualStudioVersion = 17.4.33110.190
MinimumVisualStudioVersion = 10.0.40219.1
Project("{FAE04EC0-301F-11D3-BF4B-00C04F79EFBC}") = "Diabloco", "Diabloco\Diabloco.csproj", "{615DF207-96B6-4742-B998-9250C7794BFC}"
EndProject
Global
	GlobalSection(SolutionConfigurationPlatforms) = preSolution
		Debug|Any CPU = Debug|Any CPU
		Release|Any CPU = Release|Any CPU
	EndGlobalSection
	GlobalSection(ProjectConfigurationPlatforms) = postSolution
		{615DF207-96B6-4742-B998-9250C7794BFC}.Debug|Any CPU.ActiveCfg = Debug|Any CPU
		{615DF207-96B6-4742-B998-9250C7794BFC}.Debug|Any CPU.Build.0 = Debug|Any CPU
		{615DF207-96B6-4742-B998-9250C7794BFC}.Release|Any CPU.ActiveCfg = Release|Any CPU
		{615DF207-96B6-4742-B998-9250C7794BFC}.Release|Any CPU.Build.0 = Release|Any CPU
	EndGlobalSection
	GlobalSection(SolutionProperties) = preSolution
		HideSolutionNode = FALSE
	EndGlobalSection
	GlobalSection(ExtensibilityGlobals) = postSolution
		SolutionGuid = {8393C453-132E-4003-95B7-08FE25D2D40C}
	EndGlobalSection
EndGlobal
